
Microsoft Visual Studio Solution File, Format Version 12.00
# Visual Studio Version 16
VisualStudioVersion = 16.0.28803.202
MinimumVisualStudioVersion = 10.0.40219.1
Project("{9A19103F-16F7-4668-BE54-9A1E7A4F7556}") = "AspNetCoreTelegramBot", "AspNetCoreTelegramBot\AspNetCoreTelegramBot.csproj", "{423D3F69-A005-4B78-8A85-66F60612BDBD}"
EndProject
Global
	GlobalSection(SolutionConfigurationPlatforms) = preSolution
		Debug|Any CPU = Debug|Any CPU
		Release|Any CPU = Release|Any CPU
	EndGlobalSection
	GlobalSection(ProjectConfigurationPlatforms) = postSolution
		{423D3F69-A005-4B78-8A85-66F60612BDBD}.Debug|Any CPU.ActiveCfg = Debug|Any CPU
		{423D3F69-A005-4B78-8A85-66F60612BDBD}.Debug|Any CPU.Build.0 = Debug|Any CPU
		{423D3F69-A005-4B78-8A85-66F60612BDBD}.Release|Any CPU.ActiveCfg = Release|Any CPU
		{423D3F69-A005-4B78-8A85-66F60612BDBD}.Release|Any CPU.Build.0 = Release|Any CPU
	EndGlobalSection
	GlobalSection(SolutionProperties) = preSolution
		HideSolutionNode = FALSE
	EndGlobalSection
	GlobalSection(ExtensibilityGlobals) = postSolution
		SolutionGuid = {67AD234F-E028-4F8A-8790-9E3FCA271D56}
	EndGlobalSection
EndGlobal
